
Microsoft Visual Studio Solution File, Format Version 12.00
# Visual Studio Version 17
VisualStudioVersion = 17.9.34616.47
MinimumVisualStudioVersion = 10.0.40219.1
Project("{FAE04EC0-301F-11D3-BF4B-00C04F79EFBC}") = "IIABlazorWebAssembly", "IIABlazorWebAssembly\IIABlazorWebAssembly.csproj", "{48830847-33E7-4907-B904-278C870E3C96}"
EndProject
Global
	GlobalSection(SolutionConfigurationPlatforms) = preSolution
		Debug|Any CPU = Debug|Any CPU
		Release|Any CPU = Release|Any CPU
	EndGlobalSection
	GlobalSection(ProjectConfigurationPlatforms) = postSolution
		{48830847-33E7-4907-B904-278C870E3C96}.Debug|Any CPU.ActiveCfg = Debug|Any CPU
		{48830847-33E7-4907-B904-278C870E3C96}.Debug|Any CPU.Build.0 = Debug|Any CPU
		{48830847-33E7-4907-B904-278C870E3C96}.Release|Any CPU.ActiveCfg = Release|Any CPU
		{48830847-33E7-4907-B904-278C870E3C96}.Release|Any CPU.Build.0 = Release|Any CPU
	EndGlobalSection
	GlobalSection(SolutionProperties) = preSolution
		HideSolutionNode = FALSE
	EndGlobalSection
	GlobalSection(ExtensibilityGlobals) = postSolution
		SolutionGuid = {1E5F77BF-71B3-491C-9F53-7A10EBB828A0}
	EndGlobalSection
EndGlobal
